
Microsoft Visual Studio Solution File, Format Version 12.00
# Visual Studio Version 16
VisualStudioVersion = 25.0.1704.3
MinimumVisualStudioVersion = 10.0.40219.1
Project("{FAE04EC0-301F-11D3-BF4B-00C04F79EFBC}") = "UkraineSpyHQ", "UkraineSpyHQ\UkraineSpyHQ.csproj", "{49844A26-B0F7-49CC-B9D8-01B2EC376392}"
EndProject
Global
	GlobalSection(SolutionConfigurationPlatforms) = preSolution
		Debug|Any CPU = Debug|Any CPU
		Release|Any CPU = Release|Any CPU
	EndGlobalSection
	GlobalSection(ProjectConfigurationPlatforms) = postSolution
		{49844A26-B0F7-49CC-B9D8-01B2EC376392}.Debug|Any CPU.ActiveCfg = Debug|Any CPU
		{49844A26-B0F7-49CC-B9D8-01B2EC376392}.Debug|Any CPU.Build.0 = Debug|Any CPU
		{49844A26-B0F7-49CC-B9D8-01B2EC376392}.Release|Any CPU.ActiveCfg = Release|Any CPU
		{49844A26-B0F7-49CC-B9D8-01B2EC376392}.Release|Any CPU.Build.0 = Release|Any CPU
	EndGlobalSection
	GlobalSection(SolutionProperties) = preSolution
		HideSolutionNode = FALSE
	EndGlobalSection
	GlobalSection(ExtensibilityGlobals) = postSolution
		SolutionGuid = {82CC0045-3AAD-4AC7-BA51-3F17C840B0AB}
	EndGlobalSection
EndGlobal
