
Microsoft Visual Studio Solution File, Format Version 12.00
# Visual Studio Version 17
VisualStudioVersion = 17.4.33205.214
MinimumVisualStudioVersion = 10.0.40219.1
Project("{FAE04EC0-301F-11D3-BF4B-00C04F79EFBC}") = "SmartHomeSimulator", "SmartHomeSimulator.csproj", "{BB1E001D-1D81-4EF0-88D7-9390D32E9ACA}"
EndProject
Global
	GlobalSection(SolutionConfigurationPlatforms) = preSolution
		Debug|Any CPU = Debug|Any CPU
		Release|Any CPU = Release|Any CPU
	EndGlobalSection
	GlobalSection(ProjectConfigurationPlatforms) = postSolution
		{BB1E001D-1D81-4EF0-88D7-9390D32E9ACA}.Debug|Any CPU.ActiveCfg = Debug|Any CPU
		{BB1E001D-1D81-4EF0-88D7-9390D32E9ACA}.Debug|Any CPU.Build.0 = Debug|Any CPU
		{BB1E001D-1D81-4EF0-88D7-9390D32E9ACA}.Release|Any CPU.ActiveCfg = Release|Any CPU
		{BB1E001D-1D81-4EF0-88D7-9390D32E9ACA}.Release|Any CPU.Build.0 = Release|Any CPU
	EndGlobalSection
	GlobalSection(SolutionProperties) = preSolution
		HideSolutionNode = FALSE
	EndGlobalSection
	GlobalSection(ExtensibilityGlobals) = postSolution
		SolutionGuid = {39B0649B-5A8B-4F8B-98D4-1F22995F5FD6}
	EndGlobalSection
EndGlobal
