
Microsoft Visual Studio Solution File, Format Version 12.00
# Visual Studio Version 17
VisualStudioVersion = 17.4.33110.190
MinimumVisualStudioVersion = 10.0.40219.1
Project("{FAE04EC0-301F-11D3-BF4B-00C04F79EFBC}") = "Myroniuk", "Myroniuk.csproj", "{9761F7B9-BA56-4E8F-9FE5-7BE55D816731}"
EndProject
Global
	GlobalSection(SolutionConfigurationPlatforms) = preSolution
		Debug|Any CPU = Debug|Any CPU
		Release|Any CPU = Release|Any CPU
	EndGlobalSection
	GlobalSection(ProjectConfigurationPlatforms) = postSolution
		{9761F7B9-BA56-4E8F-9FE5-7BE55D816731}.Debug|Any CPU.ActiveCfg = Debug|Any CPU
		{9761F7B9-BA56-4E8F-9FE5-7BE55D816731}.Debug|Any CPU.Build.0 = Debug|Any CPU
		{9761F7B9-BA56-4E8F-9FE5-7BE55D816731}.Release|Any CPU.ActiveCfg = Release|Any CPU
		{9761F7B9-BA56-4E8F-9FE5-7BE55D816731}.Release|Any CPU.Build.0 = Release|Any CPU
	EndGlobalSection
	GlobalSection(SolutionProperties) = preSolution
		HideSolutionNode = FALSE
	EndGlobalSection
	GlobalSection(ExtensibilityGlobals) = postSolution
		SolutionGuid = {78F22BAC-0B90-4078-94F2-CA0093059A3E}
	EndGlobalSection
EndGlobal
