
Microsoft Visual Studio Solution File, Format Version 12.00
# Visual Studio Version 17
VisualStudioVersion = 17.3.32901.215
MinimumVisualStudioVersion = 10.0.40219.1
Project("{FAE04EC0-301F-11D3-BF4B-00C04F79EFBC}") = "BudgetTracker", "BudgetTracker\BudgetTracker.csproj", "{420754D6-7F7C-4129-B858-C576C5C9F3A7}"
EndProject
Global
	GlobalSection(SolutionConfigurationPlatforms) = preSolution
		Debug|Any CPU = Debug|Any CPU
		Release|Any CPU = Release|Any CPU
	EndGlobalSection
	GlobalSection(ProjectConfigurationPlatforms) = postSolution
		{420754D6-7F7C-4129-B858-C576C5C9F3A7}.Debug|Any CPU.ActiveCfg = Debug|Any CPU
		{420754D6-7F7C-4129-B858-C576C5C9F3A7}.Debug|Any CPU.Build.0 = Debug|Any CPU
		{420754D6-7F7C-4129-B858-C576C5C9F3A7}.Release|Any CPU.ActiveCfg = Release|Any CPU
		{420754D6-7F7C-4129-B858-C576C5C9F3A7}.Release|Any CPU.Build.0 = Release|Any CPU
	EndGlobalSection
	GlobalSection(SolutionProperties) = preSolution
		HideSolutionNode = FALSE
	EndGlobalSection
	GlobalSection(ExtensibilityGlobals) = postSolution
		SolutionGuid = {59A75F5D-6523-4BF6-AA32-785231D66593}
	EndGlobalSection
EndGlobal
