
Microsoft Visual Studio Solution File, Format Version 12.00
# Visual Studio Version 17
VisualStudioVersion = 17.3.32922.545
MinimumVisualStudioVersion = 10.0.40219.1
Project("{FAE04EC0-301F-11D3-BF4B-00C04F79EFBC}") = "Data", "Data\Data.csproj", "{0910C9A6-D966-41A0-8DF0-AC6BEEC396C6}"
EndProject
Project("{FAE04EC0-301F-11D3-BF4B-00C04F79EFBC}") = "API", "API\API.csproj", "{A7C12B43-DB4A-4853-8EF9-B0EF51EC2C85}"
EndProject
Global
	GlobalSection(SolutionConfigurationPlatforms) = preSolution
		Debug|Any CPU = Debug|Any CPU
		Release|Any CPU = Release|Any CPU
	EndGlobalSection
	GlobalSection(ProjectConfigurationPlatforms) = postSolution
		{0910C9A6-D966-41A0-8DF0-AC6BEEC396C6}.Debug|Any CPU.ActiveCfg = Debug|Any CPU
		{0910C9A6-D966-41A0-8DF0-AC6BEEC396C6}.Debug|Any CPU.Build.0 = Debug|Any CPU
		{0910C9A6-D966-41A0-8DF0-AC6BEEC396C6}.Release|Any CPU.ActiveCfg = Release|Any CPU
		{0910C9A6-D966-41A0-8DF0-AC6BEEC396C6}.Release|Any CPU.Build.0 = Release|Any CPU
		{A7C12B43-DB4A-4853-8EF9-B0EF51EC2C85}.Debug|Any CPU.ActiveCfg = Debug|Any CPU
		{A7C12B43-DB4A-4853-8EF9-B0EF51EC2C85}.Debug|Any CPU.Build.0 = Debug|Any CPU
		{A7C12B43-DB4A-4853-8EF9-B0EF51EC2C85}.Release|Any CPU.ActiveCfg = Release|Any CPU
		{A7C12B43-DB4A-4853-8EF9-B0EF51EC2C85}.Release|Any CPU.Build.0 = Release|Any CPU
	EndGlobalSection
	GlobalSection(SolutionProperties) = preSolution
		HideSolutionNode = FALSE
	EndGlobalSection
	GlobalSection(ExtensibilityGlobals) = postSolution
		SolutionGuid = {B3D74BD8-71A5-4832-9C7E-FC91D4E6B886}
	EndGlobalSection
EndGlobal
